Microsoft Visual Studio Solution File, Format Version 12.00
# Visual Studio Version 17
VisualStudioVersion = 17.5.2.0
MinimumVisualStudioVersion = 10.0.40219.1
Project("{FAE04EC0-301F-11D3-BF4B-00C04F79EFBC}") = "MSPaintClone", "MSPaintClone.csproj", "{42FC41D8-B900-27AC-61B1-CCF3B5268355}"
EndProject
Global
	GlobalSection(SolutionConfigurationPlatforms) = preSolution
		Debug|Any CPU = Debug|Any CPU
		Release|Any CPU = Release|Any CPU
	EndGlobalSection
	GlobalSection(ProjectConfigurationPlatforms) = postSolution
		{42FC41D8-B900-27AC-61B1-CCF3B5268355}.Debug|Any CPU.ActiveCfg = Debug|Any CPU
		{42FC41D8-B900-27AC-61B1-CCF3B5268355}.Debug|Any CPU.Build.0 = Debug|Any CPU
		{42FC41D8-B900-27AC-61B1-CCF3B5268355}.Release|Any CPU.ActiveCfg = Release|Any CPU
		{42FC41D8-B900-27AC-61B1-CCF3B5268355}.Release|Any CPU.Build.0 = Release|Any CPU
	EndGlobalSection
	GlobalSection(SolutionProperties) = preSolution
		HideSolutionNode = FALSE
	EndGlobalSection
	GlobalSection(ExtensibilityGlobals) = postSolution
		SolutionGuid = {2A0A398B-7700-48EE-99EB-D648531DCB55}
	EndGlobalSection
EndGlobal
